
Microsoft Visual Studio Solution File, Format Version 12.00
# Visual Studio Version 17
VisualStudioVersion = 17.2.32630.192
MinimumVisualStudioVersion = 10.0.40219.1
Project("{FAE04EC0-301F-11D3-BF4B-00C04F79EFBC}") = "CRUDMVCEF", "CRUDMVCEF.csproj", "{D5659940-E09D-42F0-99CD-F77E39A896D0}"
EndProject
Global
	GlobalSection(SolutionConfigurationPlatforms) = preSolution
		Debug|Any CPU = Debug|Any CPU
		Release|Any CPU = Release|Any CPU
	EndGlobalSection
	GlobalSection(ProjectConfigurationPlatforms) = postSolution
		{D5659940-E09D-42F0-99CD-F77E39A896D0}.Debug|Any CPU.ActiveCfg = Debug|Any CPU
		{D5659940-E09D-42F0-99CD-F77E39A896D0}.Debug|Any CPU.Build.0 = Debug|Any CPU
		{D5659940-E09D-42F0-99CD-F77E39A896D0}.Release|Any CPU.ActiveCfg = Release|Any CPU
		{D5659940-E09D-42F0-99CD-F77E39A896D0}.Release|Any CPU.Build.0 = Release|Any CPU
	EndGlobalSection
	GlobalSection(SolutionProperties) = preSolution
		HideSolutionNode = FALSE
	EndGlobalSection
	GlobalSection(ExtensibilityGlobals) = postSolution
		SolutionGuid = {7DB2AAF0-A8A0-4939-B5FE-457C4D0C9E2B}
	EndGlobalSection
EndGlobal
